
Microsoft Visual Studio Solution File, Format Version 12.00
# Visual Studio 15
VisualStudioVersion = 15.0.26124.0
MinimumVisualStudioVersion = 15.0.26124.0
Project("{2150E333-8FDC-42A3-9474-1A3956D46DE8}") = "src", "src", "{DD6568DA-66D3-467D-846E-FE44C7091963}"
EndProject
Project("{FAE04EC0-301F-11D3-BF4B-00C04F79EFBC}") = "day1", "src\day1\day1.csproj", "{E206B615-07DF-485F-8AAA-AE095DFD64DA}"
EndProject
Project("{FAE04EC0-301F-11D3-BF4B-00C04F79EFBC}") = "day2", "src\day2\day2.csproj", "{B315D35E-3DE5-4571-814D-EADF4BDF86B3}"
EndProject
Project("{FAE04EC0-301F-11D3-BF4B-00C04F79EFBC}") = "day3", "src\day3\day3.csproj", "{D9593EFD-ABA7-4656-BA31-EF6CD76260C1}"
EndProject
Project("{FAE04EC0-301F-11D3-BF4B-00C04F79EFBC}") = "day4", "src\day4\day4.csproj", "{AB627EBD-B15B-41EC-931B-EA2FF6935296}"
EndProject
Project("{FAE04EC0-301F-11D3-BF4B-00C04F79EFBC}") = "day5", "src\day5\day5.csproj", "{131A82B8-CD78-40F5-A2D3-51DC032B66E3}"
EndProject
Project("{FAE04EC0-301F-11D3-BF4B-00C04F79EFBC}") = "day6", "src\day6\day6.csproj", "{9FD3A6AA-F474-49B0-BB1B-5EC5D5C6AD6A}"
EndProject
Project("{FAE04EC0-301F-11D3-BF4B-00C04F79EFBC}") = "day7", "src\day7\day7.csproj", "{8E0603C6-5636-4736-89BB-F7534781341E}"
EndProject
Global
	GlobalSection(SolutionConfigurationPlatforms) = preSolution
		Debug|Any CPU = Debug|Any CPU
		Debug|x64 = Debug|x64
		Debug|x86 = Debug|x86
		Release|Any CPU = Release|Any CPU
		Release|x64 = Release|x64
		Release|x86 = Release|x86
	EndGlobalSection
	GlobalSection(SolutionProperties) = preSolution
		HideSolutionNode = FALSE
	EndGlobalSection
	GlobalSection(ProjectConfigurationPlatforms) = postSolution
		{E206B615-07DF-485F-8AAA-AE095DFD64DA}.Debug|Any CPU.ActiveCfg = Debug|Any CPU
		{E206B615-07DF-485F-8AAA-AE095DFD64DA}.Debug|Any CPU.Build.0 = Debug|Any CPU
		{E206B615-07DF-485F-8AAA-AE095DFD64DA}.Debug|x64.ActiveCfg = Debug|Any CPU
		{E206B615-07DF-485F-8AAA-AE095DFD64DA}.Debug|x64.Build.0 = Debug|Any CPU
		{E206B615-07DF-485F-8AAA-AE095DFD64DA}.Debug|x86.ActiveCfg = Debug|Any CPU
		{E206B615-07DF-485F-8AAA-AE095DFD64DA}.Debug|x86.Build.0 = Debug|Any CPU
		{E206B615-07DF-485F-8AAA-AE095DFD64DA}.Release|Any CPU.ActiveCfg = Release|Any CPU
		{E206B615-07DF-485F-8AAA-AE095DFD64DA}.Release|Any CPU.Build.0 = Release|Any CPU
		{E206B615-07DF-485F-8AAA-AE095DFD64DA}.Release|x64.ActiveCfg = Release|Any CPU
		{E206B615-07DF-485F-8AAA-AE095DFD64DA}.Release|x64.Build.0 = Release|Any CPU
		{E206B615-07DF-485F-8AAA-AE095DFD64DA}.Release|x86.ActiveCfg = Release|Any CPU
		{E206B615-07DF-485F-8AAA-AE095DFD64DA}.Release|x86.Build.0 = Release|Any CPU
		{B315D35E-3DE5-4571-814D-EADF4BDF86B3}.Debug|Any CPU.ActiveCfg = Debug|Any CPU
		{B315D35E-3DE5-4571-814D-EADF4BDF86B3}.Debug|Any CPU.Build.0 = Debug|Any CPU
		{B315D35E-3DE5-4571-814D-EADF4BDF86B3}.Debug|x64.ActiveCfg = Debug|Any CPU
		{B315D35E-3DE5-4571-814D-EADF4BDF86B3}.Debug|x64.Build.0 = Debug|Any CPU
		{B315D35E-3DE5-4571-814D-EADF4BDF86B3}.Debug|x86.ActiveCfg = Debug|Any CPU
		{B315D35E-3DE5-4571-814D-EADF4BDF86B3}.Debug|x86.Build.0 = Debug|Any CPU
		{B315D35E-3DE5-4571-814D-EADF4BDF86B3}.Release|Any CPU.ActiveCfg = Release|Any CPU
		{B315D35E-3DE5-4571-814D-EADF4BDF86B3}.Release|Any CPU.Build.0 = Release|Any CPU
		{B315D35E-3DE5-4571-814D-EADF4BDF86B3}.Release|x64.ActiveCfg = Release|Any CPU
		{B315D35E-3DE5-4571-814D-EADF4BDF86B3}.Release|x64.Build.0 = Release|Any CPU
		{B315D35E-3DE5-4571-814D-EADF4BDF86B3}.Release|x86.ActiveCfg = Release|Any CPU
		{B315D35E-3DE5-4571-814D-EADF4BDF86B3}.Release|x86.Build.0 = Release|Any CPU
		{D9593EFD-ABA7-4656-BA31-EF6CD76260C1}.Debug|Any CPU.ActiveCfg = Debug|Any CPU
		{D9593EFD-ABA7-4656-BA31-EF6CD76260C1}.Debug|Any CPU.Build.0 = Debug|Any CPU
		{D9593EFD-ABA7-4656-BA31-EF6CD76260C1}.Debug|x64.ActiveCfg = Debug|Any CPU
		{D9593EFD-ABA7-4656-BA31-EF6CD76260C1}.Debug|x64.Build.0 = Debug|Any CPU
		{D9593EFD-ABA7-4656-BA31-EF6CD76260C1}.Debug|x86.ActiveCfg = Debug|Any CPU
		{D9593EFD-ABA7-4656-BA31-EF6CD76260C1}.Debug|x86.Build.0 = Debug|Any CPU
		{D9593EFD-ABA7-4656-BA31-EF6CD76260C1}.Release|Any CPU.ActiveCfg = Release|Any CPU
		{D9593EFD-ABA7-4656-BA31-EF6CD76260C1}.Release|Any CPU.Build.0 = Release|Any CPU
		{D9593EFD-ABA7-4656-BA31-EF6CD76260C1}.Release|x64.ActiveCfg = Release|Any CPU
		{D9593EFD-ABA7-4656-BA31-EF6CD76260C1}.Release|x64.Build.0 = Release|Any CPU
		{D9593EFD-ABA7-4656-BA31-EF6CD76260C1}.Release|x86.ActiveCfg = Release|Any CPU
		{D9593EFD-ABA7-4656-BA31-EF6CD76260C1}.Release|x86.Build.0 = Release|Any CPU
		{AB627EBD-B15B-41EC-931B-EA2FF6935296}.Debug|Any CPU.ActiveCfg = Debug|Any CPU
		{AB627EBD-B15B-41EC-931B-EA2FF6935296}.Debug|Any CPU.Build.0 = Debug|Any CPU
		{AB627EBD-B15B-41EC-931B-EA2FF6935296}.Debug|x64.ActiveCfg = Debug|Any CPU
		{AB627EBD-B15B-41EC-931B-EA2FF6935296}.Debug|x64.Build.0 = Debug|Any CPU
		{AB627EBD-B15B-41EC-931B-EA2FF6935296}.Debug|x86.ActiveCfg = Debug|Any CPU
		{AB627EBD-B15B-41EC-931B-EA2FF6935296}.Debug|x86.Build.0 = Debug|Any CPU
		{AB627EBD-B15B-41EC-931B-EA2FF6935296}.Release|Any CPU.ActiveCfg = Release|Any CPU
		{AB627EBD-B15B-41EC-931B-EA2FF6935296}.Release|Any CPU.Build.0 = Release|Any CPU
		{AB627EBD-B15B-41EC-931B-EA2FF6935296}.Release|x64.ActiveCfg = Release|Any CPU
		{AB627EBD-B15B-41EC-931B-EA2FF6935296}.Release|x64.Build.0 = Release|Any CPU
		{AB627EBD-B15B-41EC-931B-EA2FF6935296}.Release|x86.ActiveCfg = Release|Any CPU
		{AB627EBD-B15B-41EC-931B-EA2FF6935296}.Release|x86.Build.0 = Release|Any CPU
		{131A82B8-CD78-40F5-A2D3-51DC032B66E3}.Debug|Any CPU.ActiveCfg = Debug|Any CPU
		{131A82B8-CD78-40F5-A2D3-51DC032B66E3}.Debug|Any CPU.Build.0 = Debug|Any CPU
		{131A82B8-CD78-40F5-A2D3-51DC032B66E3}.Debug|x64.ActiveCfg = Debug|Any CPU
		{131A82B8-CD78-40F5-A2D3-51DC032B66E3}.Debug|x64.Build.0 = Debug|Any CPU
		{131A82B8-CD78-40F5-A2D3-51DC032B66E3}.Debug|x86.ActiveCfg = Debug|Any CPU
		{131A82B8-CD78-40F5-A2D3-51DC032B66E3}.Debug|x86.Build.0 = Debug|Any CPU
		{131A82B8-CD78-40F5-A2D3-51DC032B66E3}.Release|Any CPU.ActiveCfg = Release|Any CPU
		{131A82B8-CD78-40F5-A2D3-51DC032B66E3}.Release|Any CPU.Build.0 = Release|Any CPU
		{131A82B8-CD78-40F5-A2D3-51DC032B66E3}.Release|x64.ActiveCfg = Release|Any CPU
		{131A82B8-CD78-40F5-A2D3-51DC032B66E3}.Release|x64.Build.0 = Release|Any CPU
		{131A82B8-CD78-40F5-A2D3-51DC032B66E3}.Release|x86.ActiveCfg = Release|Any CPU
		{131A82B8-CD78-40F5-A2D3-51DC032B66E3}.Release|x86.Build.0 = Release|Any CPU
		{9FD3A6AA-F474-49B0-BB1B-5EC5D5C6AD6A}.Debug|Any CPU.ActiveCfg = Debug|Any CPU
		{9FD3A6AA-F474-49B0-BB1B-5EC5D5C6AD6A}.Debug|Any CPU.Build.0 = Debug|Any CPU
		{9FD3A6AA-F474-49B0-BB1B-5EC5D5C6AD6A}.Debug|x64.ActiveCfg = Debug|Any CPU
		{9FD3A6AA-F474-49B0-BB1B-5EC5D5C6AD6A}.Debug|x64.Build.0 = Debug|Any CPU
		{9FD3A6AA-F474-49B0-BB1B-5EC5D5C6AD6A}.Debug|x86.ActiveCfg = Debug|Any CPU
		{9FD3A6AA-F474-49B0-BB1B-5EC5D5C6AD6A}.Debug|x86.Build.0 = Debug|Any CPU
		{9FD3A6AA-F474-49B0-BB1B-5EC5D5C6AD6A}.Release|Any CPU.ActiveCfg = Release|Any CPU
		{9FD3A6AA-F474-49B0-BB1B-5EC5D5C6AD6A}.Release|Any CPU.Build.0 = Release|Any CPU
		{9FD3A6AA-F474-49B0-BB1B-5EC5D5C6AD6A}.Release|x64.ActiveCfg = Release|Any CPU
		{9FD3A6AA-F474-49B0-BB1B-5EC5D5C6AD6A}.Release|x64.Build.0 = Release|Any CPU
		{9FD3A6AA-F474-49B0-BB1B-5EC5D5C6AD6A}.Release|x86.ActiveCfg = Release|Any CPU
		{9FD3A6AA-F474-49B0-BB1B-5EC5D5C6AD6A}.Release|x86.Build.0 = Release|Any CPU
		{8E0603C6-5636-4736-89BB-F7534781341E}.Debug|Any CPU.ActiveCfg = Debug|Any CPU
		{8E0603C6-5636-4736-89BB-F7534781341E}.Debug|Any CPU.Build.0 = Debug|Any CPU
		{8E0603C6-5636-4736-89BB-F7534781341E}.Debug|x64.ActiveCfg = Debug|Any CPU
		{8E0603C6-5636-4736-89BB-F7534781341E}.Debug|x64.Build.0 = Debug|Any CPU
		{8E0603C6-5636-4736-89BB-F7534781341E}.Debug|x86.ActiveCfg = Debug|Any CPU
		{8E0603C6-5636-4736-89BB-F7534781341E}.Debug|x86.Build.0 = Debug|Any CPU
		{8E0603C6-5636-4736-89BB-F7534781341E}.Release|Any CPU.ActiveCfg = Release|Any CPU
		{8E0603C6-5636-4736-89BB-F7534781341E}.Release|Any CPU.Build.0 = Release|Any CPU
		{8E0603C6-5636-4736-89BB-F7534781341E}.Release|x64.ActiveCfg = Release|Any CPU
		{8E0603C6-5636-4736-89BB-F7534781341E}.Release|x64.Build.0 = Release|Any CPU
		{8E0603C6-5636-4736-89BB-F7534781341E}.Release|x86.ActiveCfg = Release|Any CPU
		{8E0603C6-5636-4736-89BB-F7534781341E}.Release|x86.Build.0 = Release|Any CPU
	EndGlobalSection
	GlobalSection(NestedProjects) = preSolution
		{E206B615-07DF-485F-8AAA-AE095DFD64DA} = {DD6568DA-66D3-467D-846E-FE44C7091963}
		{B315D35E-3DE5-4571-814D-EADF4BDF86B3} = {DD6568DA-66D3-467D-846E-FE44C7091963}
		{D9593EFD-ABA7-4656-BA31-EF6CD76260C1} = {DD6568DA-66D3-467D-846E-FE44C7091963}
		{AB627EBD-B15B-41EC-931B-EA2FF6935296} = {DD6568DA-66D3-467D-846E-FE44C7091963}
		{131A82B8-CD78-40F5-A2D3-51DC032B66E3} = {DD6568DA-66D3-467D-846E-FE44C7091963}
		{9FD3A6AA-F474-49B0-BB1B-5EC5D5C6AD6A} = {DD6568DA-66D3-467D-846E-FE44C7091963}
		{8E0603C6-5636-4736-89BB-F7534781341E} = {DD6568DA-66D3-467D-846E-FE44C7091963}
	EndGlobalSection
EndGlobal
